PODS:
  - LUKeychainAccess (1.2.0)
  - SHOmniAuth (0.2.1):
    - LUKeychainAccess

DEPENDENCIES:
  - SHOmniAuth (from `../`)

EXTERNAL SOURCES:
  SHOmniAuth:
    :path: ../

SPEC CHECKSUMS:
  LUKeychainAccess: 87c5398528278a5f24956b61bb459ea97bd93b6a
  SHOmniAuth: 691d67efbed9fefab65751a7424a37ae1027fb54

COCOAPODS: 0.26.2
